
Microsoft Visual Studio Solution File, Format Version 12.00
# Visual Studio for Mac
Project("{FAE04EC0-301F-11D3-BF4B-00C04F79EFBC}") = "FinalsWeek", "Assembly-CSharp.csproj", "{551F3A64-93B5-3AA5-5C7B-9F8700366864}"
EndProject
Global
	GlobalSection(SolutionConfigurationPlatforms) = preSolution
		Debug|Any CPU = Debug|Any CPU
		Release|Any CPU = Release|Any CPU
	EndGlobalSection
	GlobalSection(ProjectConfigurationPlatforms) = postSolution
		{551F3A64-93B5-3AA5-5C7B-9F8700366864}.Debug|Any CPU.ActiveCfg = Debug|Any CPU
		{551F3A64-93B5-3AA5-5C7B-9F8700366864}.Debug|Any CPU.Build.0 = Debug|Any CPU
		{551F3A64-93B5-3AA5-5C7B-9F8700366864}.Release|Any CPU.ActiveCfg = Release|Any CPU
		{551F3A64-93B5-3AA5-5C7B-9F8700366864}.Release|Any CPU.Build.0 = Release|Any CPU
	EndGlobalSection
	GlobalSection(SolutionProperties) = preSolution
		HideSolutionNode = FALSE
	EndGlobalSection
EndGlobal
